# This file is autogenerated, do not edit; changes may be undone by the next 'dep ensure'.


[[projects]]
  digest = "1:870d441fe217b8e689d7949fef6e43efbc787e50f200cb1e70dbca9204a1d6be"
  name = "github.com/inconshreveable/mousetrap"
  packages = ["."]
  pruneopts = "UT"
  revision = "76626ae9c91c4f2a10f34cad8ce83ea42c93bb75"
  version = "v1.0"

[[projects]]
  digest = "1:4e62048e1b0a1c44622b58f7d2a1019114b4b26124be617ee821969195b25817"
  name = "github.com/nenadstojanovikj/rd"
  packages = ["."]
  pruneopts = "UT"
  revision = "287c0724721b40009487b7d9b46f53907a6b8902"
  version = "v0.0.5"

[[projects]]
  branch = "master"
  digest = "1:e6c542cd4b337015154d0b9b0779973b9204feaa6ca3003075c72b6d9694a908"
  name = "github.com/spf13/cobra"
  packages = ["."]
  pruneopts = "UT"
  revision = "d2d81d9a96e23f0255397222bb0b4e3165e492dc"

[[projects]]
  digest = "1:c1b1102241e7f645bc8e0c22ae352e8f0dc6484b6cb4d132fa9f24174e0119e2"
  name = "github.com/spf13/pflag"
  packages = ["."]
  pruneopts = "UT"
  revision = "298182f68c66c05229eb03ac171abe6e309ee79a"
  version = "v1.0.3"

[solve-meta]
  analyzer-name = "dep"
  analyzer-version = 1
  input-imports = [
    "github.com/nenadstojanovikj/rd",
    "github.com/spf13/cobra",
  ]
  solver-name = "gps-cdcl"
  solver-version = 1
