# This file is autogenerated, do not edit; changes may be undone by the next 'dep ensure'.


[[projects]]
  digest = "1:92af3af7106897c682e665f62136f343708e293e62792578a5753af0473c7975"
  name = "github.com/cavaliercoder/grab"
  packages = ["."]
  pruneopts = "UT"
  revision = "2c8601de6d9ac140430fd4c9de28509a0b855af5"
  version = "v2.0.0"

[[projects]]
  digest = "1:870d441fe217b8e689d7949fef6e43efbc787e50f200cb1e70dbca9204a1d6be"
  name = "github.com/inconshreveable/mousetrap"
  packages = ["."]
  pruneopts = "UT"
  revision = "76626ae9c91c4f2a10f34cad8ce83ea42c93bb75"
  version = "v1.0"

[[projects]]
  digest = "1:99c0ad28312c9033c9506a5ec056d75911528bfe6cac34c6a033e4779c299e30"
  name = "github.com/nenadstojanovikj/rd"
  packages = ["."]
  pruneopts = "UT"
  revision = "7e03a9cb8a2ae19597ffd4b30a46c82705aad484"
  version = "v0.0.6"

[[projects]]
  digest = "1:c24e41d6703513078fc299406d41f7d5ba13e32ab0c6bca287b00977a3eab502"
  name = "github.com/nenadstojanovikj/showrss-go"
  packages = ["."]
  pruneopts = "UT"
  revision = "fd66fcb790a110017d474700f1de8e082365a1b3"
  version = "v0.0.2"

[[projects]]
  branch = "master"
  digest = "1:e6c542cd4b337015154d0b9b0779973b9204feaa6ca3003075c72b6d9694a908"
  name = "github.com/spf13/cobra"
  packages = ["."]
  pruneopts = "UT"
  revision = "d2d81d9a96e23f0255397222bb0b4e3165e492dc"

[[projects]]
  digest = "1:c1b1102241e7f645bc8e0c22ae352e8f0dc6484b6cb4d132fa9f24174e0119e2"
  name = "github.com/spf13/pflag"
  packages = ["."]
  pruneopts = "UT"
  revision = "298182f68c66c05229eb03ac171abe6e309ee79a"
  version = "v1.0.3"

[solve-meta]
  analyzer-name = "dep"
  analyzer-version = 1
  input-imports = [
    "github.com/cavaliercoder/grab",
    "github.com/nenadstojanovikj/rd",
    "github.com/nenadstojanovikj/showrss-go",
    "github.com/spf13/cobra",
  ]
  solver-name = "gps-cdcl"
  solver-version = 1
