# This file is autogenerated, do not edit; changes may be undone by the next 'dep ensure'.


[[projects]]
  digest = "1:870d441fe217b8e689d7949fef6e43efbc787e50f200cb1e70dbca9204a1d6be"
  name = "github.com/inconshreveable/mousetrap"
  packages = ["."]
  pruneopts = "UT"
  revision = "76626ae9c91c4f2a10f34cad8ce83ea42c93bb75"
  version = "v1.0"

[[projects]]
  digest = "1:0a69a1c0db3591fcefb47f115b224592c8dfa4368b7ba9fae509d5e16cdc95c8"
  name = "github.com/konsorten/go-windows-terminal-sequences"
  packages = ["."]
  pruneopts = "UT"
  revision = "5c8c8bd35d3832f5d134ae1e1e375b69a4d25242"
  version = "v1.0.1"

[[projects]]
  digest = "1:4a49346ca45376a2bba679ca0e83bec949d780d4e927931317904bad482943ec"
  name = "github.com/mattn/go-sqlite3"
  packages = ["."]
  pruneopts = "UT"
  revision = "c7c4067b79cc51e6dfdcef5c702e74b1e0fa7c75"
  version = "v1.10.0"

[[projects]]
  digest = "1:a47690c1d6af10ea6a0a0ae6de17f75e6dc92b9b01696d0f18c288ff13e18702"
  name = "github.com/nenadstojanovikj/rd"
  packages = ["."]
  pruneopts = "UT"
  revision = "ccfbbbec1b7dff33eed21545c29a3bb8a3d1b131"
  version = "v0.0.7"

[[projects]]
  digest = "1:c24e41d6703513078fc299406d41f7d5ba13e32ab0c6bca287b00977a3eab502"
  name = "github.com/nenadstojanovikj/showrss-go"
  packages = ["."]
  pruneopts = "UT"
  revision = "fd66fcb790a110017d474700f1de8e082365a1b3"
  version = "v0.0.2"

[[projects]]
  branch = "master"
  digest = "1:33c1594d359fb27bf3b56398671f960a784064dec47e5924bb984333e91c26ea"
  name = "github.com/qopher/go-torrentapi"
  packages = ["."]
  pruneopts = "UT"
  revision = "2fa27345de9cb3a4932f29ca2b4845cba508be8d"

[[projects]]
  digest = "1:87c2e02fb01c27060ccc5ba7c5a407cc91147726f8f40b70cceeedbc52b1f3a8"
  name = "github.com/sirupsen/logrus"
  packages = ["."]
  pruneopts = "UT"
  revision = "e1e72e9de974bd926e5c56f83753fba2df402ce5"
  version = "v1.3.0"

[[projects]]
  branch = "master"
  digest = "1:e6c542cd4b337015154d0b9b0779973b9204feaa6ca3003075c72b6d9694a908"
  name = "github.com/spf13/cobra"
  packages = ["."]
  pruneopts = "UT"
  revision = "d2d81d9a96e23f0255397222bb0b4e3165e492dc"

[[projects]]
  digest = "1:c1b1102241e7f645bc8e0c22ae352e8f0dc6484b6cb4d132fa9f24174e0119e2"
  name = "github.com/spf13/pflag"
  packages = ["."]
  pruneopts = "UT"
  revision = "298182f68c66c05229eb03ac171abe6e309ee79a"
  version = "v1.0.3"

[[projects]]
  branch = "master"
  digest = "1:38f553aff0273ad6f367cb0a0f8b6eecbaef8dc6cb8b50e57b6a81c1d5b1e332"
  name = "golang.org/x/crypto"
  packages = ["ssh/terminal"]
  pruneopts = "UT"
  revision = "ff983b9c42bc9fbf91556e191cc8efb585c16908"

[[projects]]
  branch = "master"
  digest = "1:c4f2af053602f247b8625846cd88dfbf9295e3d02e82c58c27ebe3be06bef80c"
  name = "golang.org/x/sys"
  packages = [
    "unix",
    "windows",
  ]
  pruneopts = "UT"
  revision = "1775db3f06b568179d273425900dd09125831dd5"

[solve-meta]
  analyzer-name = "dep"
  analyzer-version = 1
  input-imports = [
    "github.com/mattn/go-sqlite3",
    "github.com/nenadstojanovikj/rd",
    "github.com/nenadstojanovikj/showrss-go",
    "github.com/qopher/go-torrentapi",
    "github.com/sirupsen/logrus",
    "github.com/spf13/cobra",
  ]
  solver-name = "gps-cdcl"
  solver-version = 1
